
Microsoft Visual Studio Solution File, Format Version 12.00
# Visual Studio Version 16
VisualStudioVersion = 16.0.29025.244
MinimumVisualStudioVersion = 10.0.40219.1
Project("{FAE04EC0-301F-11D3-BF4B-00C04F79EFBC}") = "SmartWallet.Api", "SmartWallet.Api\SmartWallet.Api.csproj", "{291079F1-38E8-412B-A27A-CEF403DB42DF}"
EndProject
Global
	GlobalSection(SolutionConfigurationPlatforms) = preSolution
		Debug|Any CPU = Debug|Any CPU
		Release|Any CPU = Release|Any CPU
	EndGlobalSection
	GlobalSection(ProjectConfigurationPlatforms) = postSolution
		{291079F1-38E8-412B-A27A-CEF403DB42DF}.Debug|Any CPU.ActiveCfg = Debug|Any CPU
		{291079F1-38E8-412B-A27A-CEF403DB42DF}.Debug|Any CPU.Build.0 = Debug|Any CPU
		{291079F1-38E8-412B-A27A-CEF403DB42DF}.Release|Any CPU.ActiveCfg = Release|Any CPU
		{291079F1-38E8-412B-A27A-CEF403DB42DF}.Release|Any CPU.Build.0 = Release|Any CPU
	EndGlobalSection
	GlobalSection(SolutionProperties) = preSolution
		HideSolutionNode = FALSE
	EndGlobalSection
	GlobalSection(ExtensibilityGlobals) = postSolution
		SolutionGuid = {06040F77-EF19-4ABF-8A0A-1181CF960122}
	EndGlobalSection
EndGlobal
